
Microsoft Visual Studio Solution File, Format Version 12.00
# Visual Studio Version 17
VisualStudioVersion = 17.4.33205.214
MinimumVisualStudioVersion = 10.0.40219.1
Project("{FAE04EC0-301F-11D3-BF4B-00C04F79EFBC}") = "FluentConsoleMenu", "FluentConsoleMenu.csproj", "{CED9059D-1E67-4D6A-8A63-D9AE505EE7CD}"
EndProject
Project("{FAE04EC0-301F-11D3-BF4B-00C04F79EFBC}") = "TestConsole", "..\TestConsole\TestConsole.csproj", "{0F30CED1-C294-45E5-A8D2-FB7BBF12364C}"
EndProject
Global
	GlobalSection(SolutionConfigurationPlatforms) = preSolution
		Debug|Any CPU = Debug|Any CPU
		Release|Any CPU = Release|Any CPU
	EndGlobalSection
	GlobalSection(ProjectConfigurationPlatforms) = postSolution
		{CED9059D-1E67-4D6A-8A63-D9AE505EE7CD}.Debug|Any CPU.ActiveCfg = Debug|Any CPU
		{CED9059D-1E67-4D6A-8A63-D9AE505EE7CD}.Debug|Any CPU.Build.0 = Debug|Any CPU
		{CED9059D-1E67-4D6A-8A63-D9AE505EE7CD}.Release|Any CPU.ActiveCfg = Release|Any CPU
		{CED9059D-1E67-4D6A-8A63-D9AE505EE7CD}.Release|Any CPU.Build.0 = Release|Any CPU
		{0F30CED1-C294-45E5-A8D2-FB7BBF12364C}.Debug|Any CPU.ActiveCfg = Debug|Any CPU
		{0F30CED1-C294-45E5-A8D2-FB7BBF12364C}.Debug|Any CPU.Build.0 = Debug|Any CPU
		{0F30CED1-C294-45E5-A8D2-FB7BBF12364C}.Release|Any CPU.ActiveCfg = Release|Any CPU
		{0F30CED1-C294-45E5-A8D2-FB7BBF12364C}.Release|Any CPU.Build.0 = Release|Any CPU
	EndGlobalSection
	GlobalSection(SolutionProperties) = preSolution
		HideSolutionNode = FALSE
	EndGlobalSection
	GlobalSection(ExtensibilityGlobals) = postSolution
		SolutionGuid = {AAB7CC4C-D24C-4C25-A286-7728F5346F25}
	EndGlobalSection
EndGlobal
