
Microsoft Visual Studio Solution File, Format Version 12.00
# Visual Studio Version 17
VisualStudioVersion = 17.4.33205.214
MinimumVisualStudioVersion = 10.0.40219.1
Project("{9A19103F-16F7-4668-BE54-9A1E7A4F7556}") = "FluentConsoleMenu", "FluentConsoleMenu.csproj", "{CED9059D-1E67-4D6A-8A63-D9AE505EE7CD}"
EndProject
Project("{FAE04EC0-301F-11D3-BF4B-00C04F79EFBC}") = "Test Console for Fluent Menu", "..\FluentConsoleMenuTestConsole\Test Console for Fluent Menu\Test Console for Fluent Menu.csproj", "{8F43A539-4E62-4D9C-9848-459E81336C65}"
EndProject
Global
	GlobalSection(SolutionConfigurationPlatforms) = preSolution
		Debug|Any CPU = Debug|Any CPU
		Release|Any CPU = Release|Any CPU
	EndGlobalSection
	GlobalSection(ProjectConfigurationPlatforms) = postSolution
		{CED9059D-1E67-4D6A-8A63-D9AE505EE7CD}.Debug|Any CPU.ActiveCfg = Debug|Any CPU
		{CED9059D-1E67-4D6A-8A63-D9AE505EE7CD}.Debug|Any CPU.Build.0 = Debug|Any CPU
		{CED9059D-1E67-4D6A-8A63-D9AE505EE7CD}.Release|Any CPU.ActiveCfg = Release|Any CPU
		{CED9059D-1E67-4D6A-8A63-D9AE505EE7CD}.Release|Any CPU.Build.0 = Release|Any CPU
		{8F43A539-4E62-4D9C-9848-459E81336C65}.Debug|Any CPU.ActiveCfg = Debug|Any CPU
		{8F43A539-4E62-4D9C-9848-459E81336C65}.Debug|Any CPU.Build.0 = Debug|Any CPU
		{8F43A539-4E62-4D9C-9848-459E81336C65}.Release|Any CPU.ActiveCfg = Release|Any CPU
		{8F43A539-4E62-4D9C-9848-459E81336C65}.Release|Any CPU.Build.0 = Release|Any CPU
	EndGlobalSection
	GlobalSection(SolutionProperties) = preSolution
		HideSolutionNode = FALSE
	EndGlobalSection
	GlobalSection(ExtensibilityGlobals) = postSolution
		SolutionGuid = {AAB7CC4C-D24C-4C25-A286-7728F5346F25}
	EndGlobalSection
EndGlobal
